
Microsoft Visual Studio Solution File, Format Version 12.00
# Visual Studio Version 17
VisualStudioVersion = 17.4.33403.182
MinimumVisualStudioVersion = 10.0.40219.1
Project("{FAE04EC0-301F-11D3-BF4B-00C04F79EFBC}") = "WebNoteApp", "WebNoteApp\WebNoteApp.csproj", "{78355170-E7F9-487E-BD08-F89B070698A3}"
EndProject
Global
	GlobalSection(SolutionConfigurationPlatforms) = preSolution
		Debug|Any CPU = Debug|Any CPU
		Release|Any CPU = Release|Any CPU
	EndGlobalSection
	GlobalSection(ProjectConfigurationPlatforms) = postSolution
		{78355170-E7F9-487E-BD08-F89B070698A3}.Debug|Any CPU.ActiveCfg = Debug|Any CPU
		{78355170-E7F9-487E-BD08-F89B070698A3}.Debug|Any CPU.Build.0 = Debug|Any CPU
		{78355170-E7F9-487E-BD08-F89B070698A3}.Release|Any CPU.ActiveCfg = Release|Any CPU
		{78355170-E7F9-487E-BD08-F89B070698A3}.Release|Any CPU.Build.0 = Release|Any CPU
	EndGlobalSection
	GlobalSection(SolutionProperties) = preSolution
		HideSolutionNode = FALSE
	EndGlobalSection
	GlobalSection(ExtensibilityGlobals) = postSolution
		SolutionGuid = {11140BAA-9C51-4FF1-BFD6-FE2AB29450A6}
	EndGlobalSection
EndGlobal
